{
  "name": "bootable_gui",
  "lockfileVersion": 3,
  "requires": true,
  "packages": {
    "": {
      "dependencies": {
        "seve-desktop": "file:.."
      }
    },
    "..": {
      "name": "seve-desktop",
      "version": "1.0.0",
      "hasInstallScript": true,
      "license": "MIT",
      "dependencies": {
        "jspdf": "^3.0.2",
        "seve-desktop": "file:.."
      },
      "devDependencies": {
        "electron": "^38.1.0",
        "electron-builder": "^24.9.1",
        "electron-icon-builder": "^2.0.1"
      }
    },
    "node_modules/seve-desktop": {
      "resolved": "..",
      "link": true
    }
  }
}
